
Microsoft Visual Studio Solution File, Format Version 12.00
# Visual Studio Version 17
VisualStudioVersion = 17.1.32210.238
MinimumVisualStudioVersion = 10.0.40219.1
Project("{FAE04EC0-301F-11D3-BF4B-00C04F79EFBC}") = "GUI_20212202_E4GBAX", "GUI_20212202_E4GBAX\GUI_20212202_E4GBAX.csproj", "{F3BB9EFC-07FA-49AA-B1AB-E4E694280177}"
EndProject
Global
	GlobalSection(SolutionConfigurationPlatforms) = preSolution
		Debug|Any CPU = Debug|Any CPU
		Release|Any CPU = Release|Any CPU
	EndGlobalSection
	GlobalSection(ProjectConfigurationPlatforms) = postSolution
		{F3BB9EFC-07FA-49AA-B1AB-E4E694280177}.Debug|Any CPU.ActiveCfg = Debug|Any CPU
		{F3BB9EFC-07FA-49AA-B1AB-E4E694280177}.Debug|Any CPU.Build.0 = Debug|Any CPU
		{F3BB9EFC-07FA-49AA-B1AB-E4E694280177}.Release|Any CPU.ActiveCfg = Release|Any CPU
		{F3BB9EFC-07FA-49AA-B1AB-E4E694280177}.Release|Any CPU.Build.0 = Release|Any CPU
	EndGlobalSection
	GlobalSection(SolutionProperties) = preSolution
		HideSolutionNode = FALSE
	EndGlobalSection
	GlobalSection(ExtensibilityGlobals) = postSolution
		SolutionGuid = {879BBCB3-B7A9-4A7B-BB51-3D7294CA5535}
	EndGlobalSection
EndGlobal
